// !$*UTF8*$!
{
	archiveVersion = 1;
	classes = {
	};
	objectVersion = 77;
	objects = {

/* Begin PBXBuildFile section */
		0AF034BE23A06163B3E3F2FF /* Pods_recordTests.framework in Frameworks */ = {isa = PBXBuildFile; fileRef = 1DC2A016CE659F2620FC5A9C /* Pods_recordTests.framework */; };
		775251B42F4D88C500E8D154 /* Security.framework in Frameworks */ = {isa = PBXBuildFile; fileRef = 775251B32F4D88C500E8D154 /* Security.framework */; };
		775251B62F4D88D200E8D154 /* Foundation.framework in Frameworks */ = {isa = PBXBuildFile; fileRef = 775251B52F4D88D200E8D154 /* Foundation.framework */; };
		775251B82F4D8CDC00E8D154 /* SecurityUI.framework in Frameworks */ = {isa = PBXBuildFile; fileRef = 775251B72F4D8CDC00E8D154 /* SecurityUI.framework */; };
		77800F704944EC21AC9F34FC /* Pods_record_recordUITests.framework in Frameworks */ = {isa = PBXBuildFile; fileRef = 603C18190C1108AB0033371F /* Pods_record_recordUITests.framework */; };
		9BD82484646CBF374836198B /* Pods_record.framework in Frameworks */ = {isa = PBXBuildFile; fileRef = A3DAA18E5E134E73BF226BB0 /* Pods_record.framework */; };
/* End PBXBuildFile section */

/* Begin PBXContainerItemProxy section */
		77ED329F2F20A7C800EF4F77 /* PBXContainerItemProxy */ = {
			isa = PBXContainerItemProxy;
			containerPortal = 77ED32802F20A7C700EF4F77 /* Project object */;
			proxyType = 1;
			remoteGlobalIDString = 77ED32872F20A7C700EF4F77;
			remoteInfo = record;
		};
		77ED32A92F20A7C800EF4F77 /* PBXContainerItemProxy */ = {
			isa = PBXContainerItemProxy;
			containerPortal = 77ED32802F20A7C700EF4F77 /* Project object */;
			proxyType = 1;
			remoteGlobalIDString = 77ED32872F20A7C700EF4F77;
			remoteInfo = record;
		};
/* End PBXContainerItemProxy section */

/* Begin PBXFileReference section */
		1DC2A016CE659F2620FC5A9C /* Pods_recordTests.framework */ = {isa = PBXFileReference; explicitFileType = wrapper.framework; includeInIndex = 0; path = Pods_recordTests.framework; sourceTree = BUILT_PRODUCTS_DIR; };
		2B3D7338F558BB85CB49FCDF /* Pods-record-recordUITests.release.xcconfig */ = {isa = PBXFileReference; includeInIndex = 1; lastKnownFileType = text.xcconfig; name = "Pods-record-recordUITests.release.xcconfig"; path = "Target Support Files/Pods-record-recordUITests/Pods-record-recordUITests.release.xcconfig"; sourceTree = "<group>"; };
		5BEF09234540A2612D038931 /* Pods-recordTests.debug.xcconfig */ = {isa = PBXFileReference; includeInIndex = 1; lastKnownFileType = text.xcconfig; name = "Pods-recordTests.debug.xcconfig"; path = "Target Support Files/Pods-recordTests/Pods-recordTests.debug.xcconfig"; sourceTree = "<group>"; };
		603C18190C1108AB0033371F /* Pods_record_recordUITests.framework */ = {isa = PBXFileReference; explicitFileType = wrapper.framework; includeInIndex = 0; path = Pods_record_recordUITests.framework; sourceTree = BUILT_PRODUCTS_DIR; };
		775251B32F4D88C500E8D154 /* Security.framework */ = {isa = PBXFileReference; lastKnownFileType = wrapper.framework; name = Security.framework; path = System/Library/Frameworks/Security.framework; sourceTree = SDKROOT; };
		775251B52F4D88D200E8D154 /* Foundation.framework */ = {isa = PBXFileReference; lastKnownFileType = wrapper.framework; name = Foundation.framework; path = System/Library/Frameworks/Foundation.framework; sourceTree = SDKROOT; };
		775251B72F4D8CDC00E8D154 /* SecurityUI.framework */ = {isa = PBXFileReference; lastKnownFileType = wrapper.framework; name = SecurityUI.framework; path = System/Library/Frameworks/SecurityUI.framework; sourceTree = SDKROOT; };
		77ED32882F20A7C700EF4F77 /* record.app */ = {isa = PBXFileReference; explicitFileType = wrapper.application; includeInIndex = 0; path = record.app; sourceTree = BUILT_PRODUCTS_DIR; };
		77ED329E2F20A7C800EF4F77 /* recordTests.xctest */ = {isa = PBXFileReference; explicitFileType = wrapper.cfbundle; includeInIndex = 0; path = recordTests.xctest; sourceTree = BUILT_PRODUCTS_DIR; };
		77ED32A82F20A7C800EF4F77 /* recordUITests.xctest */ = {isa = PBXFileReference; explicitFileType = wrapper.cfbundle; includeInIndex = 0; path = recordUITests.xctest; sourceTree = BUILT_PRODUCTS_DIR; };
		A3DAA18E5E134E73BF226BB0 /* Pods_record.framework */ = {isa = PBXFileReference; explicitFileType = wrapper.framework; includeInIndex = 0; path = Pods_record.framework; sourceTree = BUILT_PRODUCTS_DIR; };
		ACA2912D914F01C3727F56BD /* Pods-recordTests.release.xcconfig */ = {isa = PBXFileReference; includeInIndex = 1; lastKnownFileType = text.xcconfig; name = "Pods-recordTests.release.xcconfig"; path = "Target Support Files/Pods-recordTests/Pods-recordTests.release.xcconfig"; sourceTree = "<group>"; };
		BCA8FCCEE38DB534185517B3 /* Pods-record.debug.xcconfig */ = {isa = PBXFileReference; includeInIndex = 1; lastKnownFileType = text.xcconfig; name = "Pods-record.debug.xcconfig"; path = "Target Support Files/Pods-record/Pods-record.debug.xcconfig"; sourceTree = "<group>"; };
		C572C90BE68109262D9B5B78 /* Pods-record.release.xcconfig */ = {isa = PBXFileReference; includeInIndex = 1; lastKnownFileType = text.xcconfig; name = "Pods-record.release.xcconfig"; path = "Target Support Files/Pods-record/Pods-record.release.xcconfig"; sourceTree = "<group>"; };
		EA5E29ECB49B54403B4044FF /* Pods-record-recordUITests.debug.xcconfig */ = {isa = PBXFileReference; includeInIndex = 1; lastKnownFileType = text.xcconfig; name = "Pods-record-recordUITests.debug.xcconfig"; path = "Target Support Files/Pods-record-recordUITests/Pods-record-recordUITests.debug.xcconfig"; sourceTree = "<group>"; };
/* End PBXFileReference section */

/* Begin PBXFileSystemSynchronizedBuildFileExceptionSet section */
		77ED32B02F20A7C800EF4F77 /* Exceptions for "record" folder in "record" target */ = {
			isa = PBXFileSystemSynchronizedBuildFileExceptionSet;
			membershipExceptions = (
				Info.plist,
			);
			target = 77ED32872F20A7C700EF4F77 /* record */;
		};
/* End PBXFileSystemSynchronizedBuildFileExceptionSet section */

/* Begin PBXFileSystemSynchronizedRootGroup section */
		77ED328A2F20A7C700EF4F77 /* record */ = {
			isa = PBXFileSystemSynchronizedRootGroup;
			exceptions = (
				77ED32B02F20A7C800EF4F77 /* Exceptions for "record" folder in "record" target */,
			);
			path = record;
			sourceTree = "<group>";
		};
		77ED32A12F20A7C800EF4F77 /* recordTests */ = {
			isa = PBXFileSystemSynchronizedRootGroup;
			path = recordTests;
			sourceTree = "<group>";
		};
		77ED32AB2F20A7C800EF4F77 /* recordUITests */ = {
			isa = PBXFileSystemSynchronizedRootGroup;
			path = recordUITests;
			sourceTree = "<group>";
		};
/* End PBXFileSystemSynchronizedRootGroup section */

/* Begin PBXFrameworksBuildPhase section */
		77ED32852F20A7C700EF4F77 /* Frameworks */ = {
			isa = PBXFrameworksBuildPhase;
			buildActionMask = 2147483647;
			files = (
				775251B82F4D8CDC00E8D154 /* SecurityUI.framework in Frameworks */,
				775251B62F4D88D200E8D154 /* Foundation.framework in Frameworks */,
				775251B42F4D88C500E8D154 /* Security.framework in Frameworks */,
				9BD82484646CBF374836198B /* Pods_record.framework in Frameworks */,
			);
			runOnlyForDeploymentPostprocessing = 0;
		};
		77ED329B2F20A7C800EF4F77 /* Frameworks */ = {
			isa = PBXFrameworksBuildPhase;
			buildActionMask = 2147483647;
			files = (
				0AF034BE23A06163B3E3F2FF /* Pods_recordTests.framework in Frameworks */,
			);
			runOnlyForDeploymentPostprocessing = 0;
		};
		77ED32A52F20A7C800EF4F77 /* Frameworks */ = {
			isa = PBXFrameworksBuildPhase;
			buildActionMask = 2147483647;
			files = (
				77800F704944EC21AC9F34FC /* Pods_record_recordUITests.framework in Frameworks */,
			);
			runOnlyForDeploymentPostprocessing = 0;
		};
/* End PBXFrameworksBuildPhase section */

/* Begin PBXGroup section */
		5920E55F665835E8886A2C08 /* Pods */ = {
			isa = PBXGroup;
			children = (
				BCA8FCCEE38DB534185517B3 /* Pods-record.debug.xcconfig */,
				C572C90BE68109262D9B5B78 /* Pods-record.release.xcconfig */,
				EA5E29ECB49B54403B4044FF /* Pods-record-recordUITests.debug.xcconfig */,
				2B3D7338F558BB85CB49FCDF /* Pods-record-recordUITests.release.xcconfig */,
				5BEF09234540A2612D038931 /* Pods-recordTests.debug.xcconfig */,
				ACA2912D914F01C3727F56BD /* Pods-recordTests.release.xcconfig */,
			);
			path = Pods;
			sourceTree = "<group>";
		};
		77ED327F2F20A7C700EF4F77 = {
			isa = PBXGroup;
			children = (
				77ED328A2F20A7C700EF4F77 /* record */,
				77ED32A12F20A7C800EF4F77 /* recordTests */,
				77ED32AB2F20A7C800EF4F77 /* recordUITests */,
				77ED32892F20A7C700EF4F77 /* Products */,
				5920E55F665835E8886A2C08 /* Pods */,
				8CF0039A657FF781681BAB66 /* Frameworks */,
			);
			sourceTree = "<group>";
		};
		77ED32892F20A7C700EF4F77 /* Products */ = {
			isa = PBXGroup;
			children = (
				77ED32882F20A7C700EF4F77 /* record.app */,
				77ED329E2F20A7C800EF4F77 /* recordTests.xctest */,
				77ED32A82F20A7C800EF4F77 /* recordUITests.xctest */,
			);
			name = Products;
			sourceTree = "<group>";
		};
		8CF0039A657FF781681BAB66 /* Frameworks */ = {
			isa = PBXGroup;
			children = (
				775251B72F4D8CDC00E8D154 /* SecurityUI.framework */,
				775251B52F4D88D200E8D154 /* Foundation.framework */,
				775251B32F4D88C500E8D154 /* Security.framework */,
				A3DAA18E5E134E73BF226BB0 /* Pods_record.framework */,
				603C18190C1108AB0033371F /* Pods_record_recordUITests.framework */,
				1DC2A016CE659F2620FC5A9C /* Pods_recordTests.framework */,
			);
			name = Frameworks;
			sourceTree = "<group>";
		};
/* End PBXGroup section */

/* Begin PBXNativeTarget section */
		77ED32872F20A7C700EF4F77 /* record */ = {
			isa = PBXNativeTarget;
			buildConfigurationList = 77ED32B12F20A7C800EF4F77 /* Build configuration list for PBXNativeTarget "record" */;
			buildPhases = (
				96BDD8A892CF30B305DBFC62 /* [CP] Check Pods Manifest.lock */,
				77ED32842F20A7C700EF4F77 /* Sources */,
				77ED32852F20A7C700EF4F77 /* Frameworks */,
				77ED32862F20A7C700EF4F77 /* Resources */,
				2639194A50F979BDE1BA5619 /* [CP] Embed Pods Frameworks */,
			);
			buildRules = (
			);
			dependencies = (
			);
			fileSystemSynchronizedGroups = (
				77ED328A2F20A7C700EF4F77 /* record */,
			);
			name = record;
			productName = record;
			productReference = 77ED32882F20A7C700EF4F77 /* record.app */;
			productType = "com.apple.product-type.application";
		};
		77ED329D2F20A7C800EF4F77 /* recordTests */ = {
			isa = PBXNativeTarget;
			buildConfigurationList = 77ED32B62F20A7C800EF4F77 /* Build configuration list for PBXNativeTarget "recordTests" */;
			buildPhases = (
				941CBE8CB8A8012319EFF1B9 /* [CP] Check Pods Manifest.lock */,
				77ED329A2F20A7C800EF4F77 /* Sources */,
				77ED329B2F20A7C800EF4F77 /* Frameworks */,
				77ED329C2F20A7C800EF4F77 /* Resources */,
			);
			buildRules = (
			);
			dependencies = (
				77ED32A02F20A7C800EF4F77 /* PBXTargetDependency */,
			);
			fileSystemSynchronizedGroups = (
				77ED32A12F20A7C800EF4F77 /* recordTests */,
			);
			name = recordTests;
			productName = recordTests;
			productReference = 77ED329E2F20A7C800EF4F77 /* recordTests.xctest */;
			productType = "com.apple.product-type.bundle.unit-test";
		};
		77ED32A72F20A7C800EF4F77 /* recordUITests */ = {
			isa = PBXNativeTarget;
			buildConfigurationList = 77ED32B92F20A7C800EF4F77 /* Build configuration list for PBXNativeTarget "recordUITests" */;
			buildPhases = (
				D1E583841A81D350317E58C8 /* [CP] Check Pods Manifest.lock */,
				77ED32A42F20A7C800EF4F77 /* Sources */,
				77ED32A52F20A7C800EF4F77 /* Frameworks */,
				77ED32A62F20A7C800EF4F77 /* Resources */,
				523145FC5162EDFD8C0F4EA6 /* [CP] Embed Pods Frameworks */,
			);
			buildRules = (
			);
			dependencies = (
				77ED32AA2F20A7C800EF4F77 /* PBXTargetDependency */,
			);
			fileSystemSynchronizedGroups = (
				77ED32AB2F20A7C800EF4F77 /* recordUITests */,
			);
			name = recordUITests;
			productName = recordUITests;
			productReference = 77ED32A82F20A7C800EF4F77 /* recordUITests.xctest */;
			productType = "com.apple.product-type.bundle.ui-testing";
		};
/* End PBXNativeTarget section */

/* Begin PBXProject section */
		77ED32802F20A7C700EF4F77 /* Project object */ = {
			isa = PBXProject;
			attributes = {
				BuildIndependentTargetsInParallel = 1;
				LastSwiftUpdateCheck = 2620;
				LastUpgradeCheck = 2620;
				TargetAttributes = {
					77ED32872F20A7C700EF4F77 = {
						CreatedOnToolsVersion = 26.2;
					};
					77ED329D2F20A7C800EF4F77 = {
						CreatedOnToolsVersion = 26.2;
						TestTargetID = 77ED32872F20A7C700EF4F77;
					};
					77ED32A72F20A7C800EF4F77 = {
						CreatedOnToolsVersion = 26.2;
						TestTargetID = 77ED32872F20A7C700EF4F77;
					};
				};
			};
			buildConfigurationList = 77ED32832F20A7C700EF4F77 /* Build configuration list for PBXProject "record" */;
			developmentRegion = en;
			hasScannedForEncodings = 0;
			knownRegions = (
				en,
				Base,
			);
			mainGroup = 77ED327F2F20A7C700EF4F77;
			minimizedProjectReferenceProxies = 1;
			preferredProjectObjectVersion = 77;
			productRefGroup = 77ED32892F20A7C700EF4F77 /* Products */;
			projectDirPath = "";
			projectRoot = "";
			targets = (
				77ED32872F20A7C700EF4F77 /* record */,
				77ED329D2F20A7C800EF4F77 /* recordTests */,
				77ED32A72F20A7C800EF4F77 /* recordUITests */,
			);
		};
/* End PBXProject section */

/* Begin PBXResourcesBuildPhase section */
		77ED32862F20A7C700EF4F77 /* Resources */ = {
			isa = PBXResourcesBuildPhase;
			buildActionMask = 2147483647;
			files = (
			);
			runOnlyForDeploymentPostprocessing = 0;
		};
		77ED329C2F20A7C800EF4F77 /* Resources */ = {
			isa = PBXResourcesBuildPhase;
			buildActionMask = 2147483647;
			files = (
			);
			runOnlyForDeploymentPostprocessing = 0;
		};
		77ED32A62F20A7C800EF4F77 /* Resources */ = {
			isa = PBXResourcesBuildPhase;
			buildActionMask = 2147483647;
			files = (
			);
			runOnlyForDeploymentPostprocessing = 0;
		};
/* End PBXResourcesBuildPhase section */

/* Begin PBXShellScriptBuildPhase section */
		2639194A50F979BDE1BA5619 /* [CP] Embed Pods Frameworks */ = {
			isa = PBXShellScriptBuildPhase;
			buildActionMask = 2147483647;
			files = (
			);
			inputFileListPaths = (
				"${PODS_ROOT}/Target Support Files/Pods-record/Pods-record-frameworks-${CONFIGURATION}-input-files.xcfilelist",
			);
			inputPaths = (
			);
			name = "[CP] Embed Pods Frameworks";
			outputFileListPaths = (
				"${PODS_ROOT}/Target Support Files/Pods-record/Pods-record-frameworks-${CONFIGURATION}-output-files.xcfilelist",
			);
			outputPaths = (
			);
			runOnlyForDeploymentPostprocessing = 0;
			shellPath = /bin/sh;
			shellScript = "\"${PODS_ROOT}/Target Support Files/Pods-record/Pods-record-frameworks.sh\"\n";
			showEnvVarsInLog = 0;
		};
		523145FC5162EDFD8C0F4EA6 /* [CP] Embed Pods Frameworks */ = {
			isa = PBXShellScriptBuildPhase;
			buildActionMask = 2147483647;
			files = (
			);
			inputFileListPaths = (
				"${PODS_ROOT}/Target Support Files/Pods-record-recordUITests/Pods-record-recordUITests-frameworks-${CONFIGURATION}-input-files.xcfilelist",
			);
			inputPaths = (
			);
			name = "[CP] Embed Pods Frameworks";
			outputFileListPaths = (
				"${PODS_ROOT}/Target Support Files/Pods-record-recordUITests/Pods-record-recordUITests-frameworks-${CONFIGURATION}-output-files.xcfilelist",
			);
			outputPaths = (
			);
			runOnlyForDeploymentPostprocessing = 0;
			shellPath = /bin/sh;
			shellScript = "\"${PODS_ROOT}/Target Support Files/Pods-record-recordUITests/Pods-record-recordUITests-frameworks.sh\"\n";
			showEnvVarsInLog = 0;
		};
		941CBE8CB8A8012319EFF1B9 /* [CP] Check Pods Manifest.lock */ = {
			isa = PBXShellScriptBuildPhase;
			buildActionMask = 2147483647;
			files = (
			);
			inputFileListPaths = (
			);
			inputPaths = (
				"${PODS_PODFILE_DIR_PATH}/Podfile.lock",
				"${PODS_ROOT}/Manifest.lock",
			);
			name = "[CP] Check Pods Manifest.lock";
			outputFileListPaths = (
			);
			outputPaths = (
				"$(DERIVED_FILE_DIR)/Pods-recordTests-checkManifestLockResult.txt",
			);
			runOnlyForDeploymentPostprocessing = 0;
			shellPath = /bin/sh;
			shellScript = "diff \"${PODS_PODFILE_DIR_PATH}/Podfile.lock\" \"${PODS_ROOT}/Manifest.lock\" > /dev/null\nif [ $? != 0 ] ; then\n    # print error to STDERR\n    echo \"error: The sandbox is not in sync with the Podfile.lock. Run 'pod install' or update your CocoaPods installation.\" >&2\n    exit 1\nfi\n# This output is used by Xcode 'outputs' to avoid re-running this script phase.\necho \"SUCCESS\" > \"${SCRIPT_OUTPUT_FILE_0}\"\n";
			showEnvVarsInLog = 0;
		};
		96BDD8A892CF30B305DBFC62 /* [CP] Check Pods Manifest.lock */ = {
			isa = PBXShellScriptBuildPhase;
			buildActionMask = 2147483647;
			files = (
			);
			inputFileListPaths = (
			);
			inputPaths = (
				"${PODS_PODFILE_DIR_PATH}/Podfile.lock",
				"${PODS_ROOT}/Manifest.lock",
			);
			name = "[CP] Check Pods Manifest.lock";
			outputFileListPaths = (
			);
			outputPaths = (
				"$(DERIVED_FILE_DIR)/Pods-record-checkManifestLockResult.txt",
			);
			runOnlyForDeploymentPostprocessing = 0;
			shellPath = /bin/sh;
			shellScript = "diff \"${PODS_PODFILE_DIR_PATH}/Podfile.lock\" \"${PODS_ROOT}/Manifest.lock\" > /dev/null\nif [ $? != 0 ] ; then\n    # print error to STDERR\n    echo \"error: The sandbox is not in sync with the Podfile.lock. Run 'pod install' or update your CocoaPods installation.\" >&2\n    exit 1\nfi\n# This output is used by Xcode 'outputs' to avoid re-running this script phase.\necho \"SUCCESS\" > \"${SCRIPT_OUTPUT_FILE_0}\"\n";
			showEnvVarsInLog = 0;
		};
		D1E583841A81D350317E58C8 /* [CP] Check Pods Manifest.lock */ = {
			isa = PBXShellScriptBuildPhase;
			buildActionMask = 2147483647;
			files = (
			);
			inputFileListPaths = (
			);
			inputPaths = (
				"${PODS_PODFILE_DIR_PATH}/Podfile.lock",
				"${PODS_ROOT}/Manifest.lock",
			);
			name = "[CP] Check Pods Manifest.lock";
			outputFileListPaths = (
			);
			outputPaths = (
				"$(DERIVED_FILE_DIR)/Pods-record-recordUITests-checkManifestLockResult.txt",
			);
			runOnlyForDeploymentPostprocessing = 0;
			shellPath = /bin/sh;
			shellScript = "diff \"${PODS_PODFILE_DIR_PATH}/Podfile.lock\" \"${PODS_ROOT}/Manifest.lock\" > /dev/null\nif [ $? != 0 ] ; then\n    # print error to STDERR\n    echo \"error: The sandbox is not in sync with the Podfile.lock. Run 'pod install' or update your CocoaPods installation.\" >&2\n    exit 1\nfi\n# This output is used by Xcode 'outputs' to avoid re-running this script phase.\necho \"SUCCESS\" > \"${SCRIPT_OUTPUT_FILE_0}\"\n";
			showEnvVarsInLog = 0;
		};
/* End PBXShellScriptBuildPhase section */

/* Begin PBXSourcesBuildPhase section */
		77ED32842F20A7C700EF4F77 /* Sources */ = {
			isa = PBXSourcesBuildPhase;
			buildActionMask = 2147483647;
			files = (
			);
			runOnlyForDeploymentPostprocessing = 0;
		};
		77ED329A2F20A7C800EF4F77 /* Sources */ = {
			isa = PBXSourcesBuildPhase;
			buildActionMask = 2147483647;
			files = (
			);
			runOnlyForDeploymentPostprocessing = 0;
		};
		77ED32A42F20A7C800EF4F77 /* Sources */ = {
			isa = PBXSourcesBuildPhase;
			buildActionMask = 2147483647;
			files = (
			);
			runOnlyForDeploymentPostprocessing = 0;
		};
/* End PBXSourcesBuildPhase section */

/* Begin PBXTargetDependency section */
		77ED32A02F20A7C800EF4F77 /* PBXTargetDependency */ = {
			isa = PBXTargetDependency;
			target = 77ED32872F20A7C700EF4F77 /* record */;
			targetProxy = 77ED329F2F20A7C800EF4F77 /* PBXContainerItemProxy */;
		};
		77ED32AA2F20A7C800EF4F77 /* PBXTargetDependency */ = {
			isa = PBXTargetDependency;
			target = 77ED32872F20A7C700EF4F77 /* record */;
			targetProxy = 77ED32A92F20A7C800EF4F77 /* PBXContainerItemProxy */;
		};
/* End PBXTargetDependency section */

/* Begin XCBuildConfiguration section */
		77ED32B22F20A7C800EF4F77 /* Debug */ = {
			isa = XCBuildConfiguration;
			baseConfigurationReference = BCA8FCCEE38DB534185517B3 /* Pods-record.debug.xcconfig */;
			buildSettings = {
				ASSETCATALOG_COMPILER_APPICON_NAME = AppIcon;
				ASSETCATALOG_COMPILER_GLOBAL_ACCENT_COLOR_NAME = AccentColor;
				CODE_SIGN_ENTITLEMENTS = record/record.entitlements;
				CODE_SIGN_IDENTITY = "Apple Development";
				CODE_SIGN_STYLE = Automatic;
				CURRENT_PROJECT_VERSION = 1;
				DEVELOPMENT_TEAM = KC2PBQPZBL;
				"GCC_PREPROCESSOR_DEFINITIONS[arch=*]" = "SQLITE_HAS_CODEC=1";
				GENERATE_INFOPLIST_FILE = YES;
				INFOPLIST_FILE = record/Info.plist;
				INFOPLIST_KEY_CFBundleDisplayName = Record;
				INFOPLIST_KEY_NSCameraUsageDescription = "";
				INFOPLIST_KEY_NSFaceIDUsageDescription = "Unlock you personal data";
				INFOPLIST_KEY_UIApplicationSupportsIndirectInputEvents = YES;
				INFOPLIST_KEY_UILaunchStoryboardName = LaunchScreen;
				INFOPLIST_KEY_UISupportedInterfaceOrientations_iPad = "UIInterfaceOrientationPortrait UIInterfaceOrientationPortraitUpsideDown UIInterfaceOrientationLandscapeLeft UIInterfaceOrientationLandscapeRight";
				INFOPLIST_KEY_UISupportedInterfaceOrientations_iPhone = "UIInterfaceOrientationPortrait UIInterfaceOrientationLandscapeLeft UIInterfaceOrientationLandscapeRight";
				IPHONEOS_DEPLOYMENT_TARGET = 26.0;
				LD_RUNPATH_SEARCH_PATHS = (
					"$(inherited)",
					"@executable_path/Frameworks",
				);
				MARKETING_VERSION = 1.0;
				PRODUCT_BUNDLE_IDENTIFIER = com.zoho.record1;
				PRODUCT_NAME = "$(TARGET_NAME)";
				PROVISIONING_PROFILE_SPECIFIER = "";
				STRING_CATALOG_GENERATE_SYMBOLS = YES;
				SWIFT_APPROACHABLE_CONCURRENCY = YES;
				SWIFT_DEFAULT_ACTOR_ISOLATION = MainActor;
				SWIFT_EMIT_LOC_STRINGS = YES;
				SWIFT_UPCOMING_FEATURE_MEMBER_IMPORT_VISIBILITY = YES;
				SWIFT_VERSION = 5.0;
				TARGETED_DEVICE_FAMILY = "1,2";
			};
			name = Debug;
		};
		77ED32B32F20A7C800EF4F77 /* Release */ = {
			isa = XCBuildConfiguration;
			baseConfigurationReference = C572C90BE68109262D9B5B78 /* Pods-record.release.xcconfig */;
			buildSettings = {
				ASSETCATALOG_COMPILER_APPICON_NAME = AppIcon;
				ASSETCATALOG_COMPILER_GLOBAL_ACCENT_COLOR_NAME = AccentColor;
				CODE_SIGN_ENTITLEMENTS = record/record.entitlements;
				CODE_SIGN_IDENTITY = "Apple Development";
				CODE_SIGN_STYLE = Automatic;
				CURRENT_PROJECT_VERSION = 1;
				DEVELOPMENT_TEAM = KC2PBQPZBL;
				"GCC_PREPROCESSOR_DEFINITIONS[arch=*]" = "SQLITE_HAS_CODEC=1";
				GENERATE_INFOPLIST_FILE = YES;
				INFOPLIST_FILE = record/Info.plist;
				INFOPLIST_KEY_CFBundleDisplayName = Record;
				INFOPLIST_KEY_NSCameraUsageDescription = "";
				INFOPLIST_KEY_NSFaceIDUsageDescription = "Unlock you personal data";
				INFOPLIST_KEY_UIApplicationSupportsIndirectInputEvents = YES;
				INFOPLIST_KEY_UILaunchStoryboardName = LaunchScreen;
				INFOPLIST_KEY_UISupportedInterfaceOrientations_iPad = "UIInterfaceOrientationPortrait UIInterfaceOrientationPortraitUpsideDown UIInterfaceOrientationLandscapeLeft UIInterfaceOrientationLandscapeRight";
				INFOPLIST_KEY_UISupportedInterfaceOrientations_iPhone = "UIInterfaceOrientationPortrait UIInterfaceOrientationLandscapeLeft UIInterfaceOrientationLandscapeRight";
				IPHONEOS_DEPLOYMENT_TARGET = 26.0;
				LD_RUNPATH_SEARCH_PATHS = (
					"$(inherited)",
					"@executable_path/Frameworks",
				);
				MARKETING_VERSION = 1.0;
				PRODUCT_BUNDLE_IDENTIFIER = com.zoho.record1;
				PRODUCT_NAME = "$(TARGET_NAME)";
				PROVISIONING_PROFILE_SPECIFIER = "";
				STRING_CATALOG_GENERATE_SYMBOLS = YES;
				SWIFT_APPROACHABLE_CONCURRENCY = YES;
				SWIFT_DEFAULT_ACTOR_ISOLATION = MainActor;
				SWIFT_EMIT_LOC_STRINGS = YES;
				SWIFT_UPCOMING_FEATURE_MEMBER_IMPORT_VISIBILITY = YES;
				SWIFT_VERSION = 5.0;
				TARGETED_DEVICE_FAMILY = "1,2";
			};
			name = Release;
		};
		77ED32B42F20A7C800EF4F77 /* Debug */ = {
			isa = XCBuildConfiguration;
			buildSettings = {
				ALWAYS_SEARCH_USER_PATHS = NO;
				ASSETCATALOG_COMPILER_GENERATE_SWIFT_ASSET_SYMBOL_EXTENSIONS = YES;
				CLANG_ANALYZER_NONNULL = YES;
				CLANG_ANALYZER_NUMBER_OBJECT_CONVERSION = YES_AGGRESSIVE;
				CLANG_CXX_LANGUAGE_STANDARD = "gnu++20";
				CLANG_ENABLE_MODULES = YES;
				CLANG_ENABLE_OBJC_ARC = YES;
				CLANG_ENABLE_OBJC_WEAK = YES;
				CLANG_WARN_BLOCK_CAPTURE_AUTORELEASING = YES;
				CLANG_WARN_BOOL_CONVERSION = YES;
				CLANG_WARN_COMMA = YES;
				CLANG_WARN_CONSTANT_CONVERSION = YES;
				CLANG_WARN_DEPRECATED_OBJC_IMPLEMENTATIONS = YES;
				CLANG_WARN_DIRECT_OBJC_ISA_USAGE = YES_ERROR;
				CLANG_WARN_DOCUMENTATION_COMMENTS = YES;
				CLANG_WARN_EMPTY_BODY = YES;
				CLANG_WARN_ENUM_CONVERSION = YES;
				CLANG_WARN_INFINITE_RECURSION = YES;
				CLANG_WARN_INT_CONVERSION = YES;
				CLANG_WARN_NON_LITERAL_NULL_CONVERSION = YES;
				CLANG_WARN_OBJC_IMPLICIT_RETAIN_SELF = YES;
				CLANG_WARN_OBJC_LITERAL_CONVERSION = YES;
				CLANG_WARN_OBJC_ROOT_CLASS = YES_ERROR;
				CLANG_WARN_QUOTED_INCLUDE_IN_FRAMEWORK_HEADER = YES;
				CLANG_WARN_RANGE_LOOP_ANALYSIS = YES;
				CLANG_WARN_STRICT_PROTOTYPES = YES;
				CLANG_WARN_SUSPICIOUS_MOVE = YES;
				CLANG_WARN_UNGUARDED_AVAILABILITY = YES_AGGRESSIVE;
				CLANG_WARN_UNREACHABLE_CODE = YES;
				CLANG_WARN__DUPLICATE_METHOD_MATCH = YES;
				COPY_PHASE_STRIP = NO;
				DEBUG_INFORMATION_FORMAT = dwarf;
				ENABLE_STRICT_OBJC_MSGSEND = YES;
				ENABLE_TESTABILITY = YES;
				ENABLE_USER_SCRIPT_SANDBOXING = NO;
				GCC_C_LANGUAGE_STANDARD = gnu17;
				GCC_DYNAMIC_NO_PIC = NO;
				GCC_NO_COMMON_BLOCKS = YES;
				GCC_OPTIMIZATION_LEVEL = 0;
				GCC_PREPROCESSOR_DEFINITIONS = (
					"DEBUG=1",
					"$(inherited)",
				);
				GCC_WARN_64_TO_32_BIT_CONVERSION = YES;
				GCC_WARN_ABOUT_RETURN_TYPE = YES_ERROR;
				GCC_WARN_UNDECLARED_SELECTOR = YES;
				GCC_WARN_UNINITIALIZED_AUTOS = YES_AGGRESSIVE;
				GCC_WARN_UNUSED_FUNCTION = YES;
				GCC_WARN_UNUSED_VARIABLE = YES;
				IPHONEOS_DEPLOYMENT_TARGET = 26.2;
				LOCALIZATION_PREFERS_STRING_CATALOGS = YES;
				MTL_ENABLE_DEBUG_INFO = INCLUDE_SOURCE;
				MTL_FAST_MATH = YES;
				ONLY_ACTIVE_ARCH = YES;
				SDKROOT = iphoneos;
				SWIFT_ACTIVE_COMPILATION_CONDITIONS = "DEBUG $(inherited)";
				SWIFT_OPTIMIZATION_LEVEL = "-Onone";
			};
			name = Debug;
		};
		77ED32B52F20A7C800EF4F77 /* Release */ = {
			isa = XCBuildConfiguration;
			buildSettings = {
				ALWAYS_SEARCH_USER_PATHS = NO;
				ASSETCATALOG_COMPILER_GENERATE_SWIFT_ASSET_SYMBOL_EXTENSIONS = YES;
				CLANG_ANALYZER_NONNULL = YES;
				CLANG_ANALYZER_NUMBER_OBJECT_CONVERSION = YES_AGGRESSIVE;
				CLANG_CXX_LANGUAGE_STANDARD = "gnu++20";
				CLANG_ENABLE_MODULES = YES;
				CLANG_ENABLE_OBJC_ARC = YES;
				CLANG_ENABLE_OBJC_WEAK = YES;
				CLANG_WARN_BLOCK_CAPTURE_AUTORELEASING = YES;
				CLANG_WARN_BOOL_CONVERSION = YES;
				CLANG_WARN_COMMA = YES;
				CLANG_WARN_CONSTANT_CONVERSION = YES;
				CLANG_WARN_DEPRECATED_OBJC_IMPLEMENTATIONS = YES;
				CLANG_WARN_DIRECT_OBJC_ISA_USAGE = YES_ERROR;
				CLANG_WARN_DOCUMENTATION_COMMENTS = YES;
				CLANG_WARN_EMPTY_BODY = YES;
				CLANG_WARN_ENUM_CONVERSION = YES;
				CLANG_WARN_INFINITE_RECURSION = YES;
				CLANG_WARN_INT_CONVERSION = YES;
				CLANG_WARN_NON_LITERAL_NULL_CONVERSION = YES;
				CLANG_WARN_OBJC_IMPLICIT_RETAIN_SELF = YES;
				CLANG_WARN_OBJC_LITERAL_CONVERSION = YES;
				CLANG_WARN_OBJC_ROOT_CLASS = YES_ERROR;
				CLANG_WARN_QUOTED_INCLUDE_IN_FRAMEWORK_HEADER = YES;
				CLANG_WARN_RANGE_LOOP_ANALYSIS = YES;
				CLANG_WARN_STRICT_PROTOTYPES = YES;
				CLANG_WARN_SUSPICIOUS_MOVE = YES;
				CLANG_WARN_UNGUARDED_AVAILABILITY = YES_AGGRESSIVE;
				CLANG_WARN_UNREACHABLE_CODE = YES;
				CLANG_WARN__DUPLICATE_METHOD_MATCH = YES;
				COPY_PHASE_STRIP = NO;
				DEBUG_INFORMATION_FORMAT = "dwarf-with-dsym";
				ENABLE_NS_ASSERTIONS = NO;
				ENABLE_STRICT_OBJC_MSGSEND = YES;
				ENABLE_USER_SCRIPT_SANDBOXING = NO;
				GCC_C_LANGUAGE_STANDARD = gnu17;
				GCC_NO_COMMON_BLOCKS = YES;
				GCC_WARN_64_TO_32_BIT_CONVERSION = YES;
				GCC_WARN_ABOUT_RETURN_TYPE = YES_ERROR;
				GCC_WARN_UNDECLARED_SELECTOR = YES;
				GCC_WARN_UNINITIALIZED_AUTOS = YES_AGGRESSIVE;
				GCC_WARN_UNUSED_FUNCTION = YES;
				GCC_WARN_UNUSED_VARIABLE = YES;
				IPHONEOS_DEPLOYMENT_TARGET = 26.2;
				LOCALIZATION_PREFERS_STRING_CATALOGS = YES;
				MTL_ENABLE_DEBUG_INFO = NO;
				MTL_FAST_MATH = YES;
				SDKROOT = iphoneos;
				SWIFT_COMPILATION_MODE = wholemodule;
				VALIDATE_PRODUCT = YES;
			};
			name = Release;
		};
		77ED32B72F20A7C800EF4F77 /* Debug */ = {
			isa = XCBuildConfiguration;
			baseConfigurationReference = 5BEF09234540A2612D038931 /* Pods-recordTests.debug.xcconfig */;
			buildSettings = {
				BUNDLE_LOADER = "$(TEST_HOST)";
				CODE_SIGN_STYLE = Automatic;
				CURRENT_PROJECT_VERSION = 1;
				GENERATE_INFOPLIST_FILE = YES;
				IPHONEOS_DEPLOYMENT_TARGET = 26.2;
				MARKETING_VERSION = 1.0;
				PRODUCT_BUNDLE_IDENTIFIER = com.zoho.recordTests;
				PRODUCT_NAME = "$(TARGET_NAME)";
				STRING_CATALOG_GENERATE_SYMBOLS = NO;
				SWIFT_APPROACHABLE_CONCURRENCY = YES;
				SWIFT_EMIT_LOC_STRINGS = NO;
				SWIFT_UPCOMING_FEATURE_MEMBER_IMPORT_VISIBILITY = YES;
				SWIFT_VERSION = 5.0;
				TARGETED_DEVICE_FAMILY = "1,2";
				TEST_HOST = "$(BUILT_PRODUCTS_DIR)/record.app/$(BUNDLE_EXECUTABLE_FOLDER_PATH)/record";
			};
			name = Debug;
		};
		77ED32B82F20A7C800EF4F77 /* Release */ = {
			isa = XCBuildConfiguration;
			baseConfigurationReference = ACA2912D914F01C3727F56BD /* Pods-recordTests.release.xcconfig */;
			buildSettings = {
				BUNDLE_LOADER = "$(TEST_HOST)";
				CODE_SIGN_STYLE = Automatic;
				CURRENT_PROJECT_VERSION = 1;
				GENERATE_INFOPLIST_FILE = YES;
				IPHONEOS_DEPLOYMENT_TARGET = 26.2;
				MARKETING_VERSION = 1.0;
				PRODUCT_BUNDLE_IDENTIFIER = com.zoho.recordTests;
				PRODUCT_NAME = "$(TARGET_NAME)";
				STRING_CATALOG_GENERATE_SYMBOLS = NO;
				SWIFT_APPROACHABLE_CONCURRENCY = YES;
				SWIFT_EMIT_LOC_STRINGS = NO;
				SWIFT_UPCOMING_FEATURE_MEMBER_IMPORT_VISIBILITY = YES;
				SWIFT_VERSION = 5.0;
				TARGETED_DEVICE_FAMILY = "1,2";
				TEST_HOST = "$(BUILT_PRODUCTS_DIR)/record.app/$(BUNDLE_EXECUTABLE_FOLDER_PATH)/record";
			};
			name = Release;
		};
		77ED32BA2F20A7C800EF4F77 /* Debug */ = {
			isa = XCBuildConfiguration;
			baseConfigurationReference = EA5E29ECB49B54403B4044FF /* Pods-record-recordUITests.debug.xcconfig */;
			buildSettings = {
				CODE_SIGN_STYLE = Automatic;
				CURRENT_PROJECT_VERSION = 1;
				GENERATE_INFOPLIST_FILE = YES;
				MARKETING_VERSION = 1.0;
				PRODUCT_BUNDLE_IDENTIFIER = com.zoho.recordUITests;
				PRODUCT_NAME = "$(TARGET_NAME)";
				STRING_CATALOG_GENERATE_SYMBOLS = NO;
				SWIFT_APPROACHABLE_CONCURRENCY = YES;
				SWIFT_EMIT_LOC_STRINGS = NO;
				SWIFT_UPCOMING_FEATURE_MEMBER_IMPORT_VISIBILITY = YES;
				SWIFT_VERSION = 5.0;
				TARGETED_DEVICE_FAMILY = "1,2";
				TEST_TARGET_NAME = record;
			};
			name = Debug;
		};
		77ED32BB2F20A7C800EF4F77 /* Release */ = {
			isa = XCBuildConfiguration;
			baseConfigurationReference = 2B3D7338F558BB85CB49FCDF /* Pods-record-recordUITests.release.xcconfig */;
			buildSettings = {
				CODE_SIGN_STYLE = Automatic;
				CURRENT_PROJECT_VERSION = 1;
				GENERATE_INFOPLIST_FILE = YES;
				MARKETING_VERSION = 1.0;
				PRODUCT_BUNDLE_IDENTIFIER = com.zoho.recordUITests;
				PRODUCT_NAME = "$(TARGET_NAME)";
				STRING_CATALOG_GENERATE_SYMBOLS = NO;
				SWIFT_APPROACHABLE_CONCURRENCY = YES;
				SWIFT_EMIT_LOC_STRINGS = NO;
				SWIFT_UPCOMING_FEATURE_MEMBER_IMPORT_VISIBILITY = YES;
				SWIFT_VERSION = 5.0;
				TARGETED_DEVICE_FAMILY = "1,2";
				TEST_TARGET_NAME = record;
			};
			name = Release;
		};
/* End XCBuildConfiguration section */

/* Begin XCConfigurationList section */
		77ED32832F20A7C700EF4F77 /* Build configuration list for PBXProject "record" */ = {
			isa = XCConfigurationList;
			buildConfigurations = (
				77ED32B42F20A7C800EF4F77 /* Debug */,
				77ED32B52F20A7C800EF4F77 /* Release */,
			);
			defaultConfigurationIsVisible = 0;
			defaultConfigurationName = Release;
		};
		77ED32B12F20A7C800EF4F77 /* Build configuration list for PBXNativeTarget "record" */ = {
			isa = XCConfigurationList;
			buildConfigurations = (
				77ED32B22F20A7C800EF4F77 /* Debug */,
				77ED32B32F20A7C800EF4F77 /* Release */,
			);
			defaultConfigurationIsVisible = 0;
			defaultConfigurationName = Release;
		};
		77ED32B62F20A7C800EF4F77 /* Build configuration list for PBXNativeTarget "recordTests" */ = {
			isa = XCConfigurationList;
			buildConfigurations = (
				77ED32B72F20A7C800EF4F77 /* Debug */,
				77ED32B82F20A7C800EF4F77 /* Release */,
			);
			defaultConfigurationIsVisible = 0;
			defaultConfigurationName = Release;
		};
		77ED32B92F20A7C800EF4F77 /* Build configuration list for PBXNativeTarget "recordUITests" */ = {
			isa = XCConfigurationList;
			buildConfigurations = (
				77ED32BA2F20A7C800EF4F77 /* Debug */,
				77ED32BB2F20A7C800EF4F77 /* Release */,
			);
			defaultConfigurationIsVisible = 0;
			defaultConfigurationName = Release;
		};
/* End XCConfigurationList section */
	};
	rootObject = 77ED32802F20A7C700EF4F77 /* Project object */;
}
